{
  "version": 4,
  "terraform_version": "1.9.2",
  "serial": 4,
  "lineage": "9651039b-5d41-992a-b03b-898818f4b833",
  "outputs": {},
  "resources": [
    {
      "mode": "managed",
      "type": "google_container_cluster",
      "name": "primary",
      "provider": "provider[\"registry.terraform.io/hashicorp/google\"]",
      "instances": [
        {
          "status": "tainted",
          "schema_version": 2,
          "attributes": {
            "addons_config": [
              {
                "cloudrun_config": [],
                "config_connector_config": [],
                "dns_cache_config": [],
                "gce_persistent_disk_csi_driver_config": [
                  {
                    "enabled": true
                  }
                ],
                "gcp_filestore_csi_driver_config": [],
                "gcs_fuse_csi_driver_config": [],
                "gke_backup_agent_config": [],
                "horizontal_pod_autoscaling": [],
                "http_load_balancing": [],
                "network_policy_config": [
                  {
                    "disabled": true
                  }
                ],
                "stateful_ha_config": []
              }
            ],
            "allow_net_admin": null,
            "authenticator_groups_config": [],
            "binary_authorization": [
              {
                "enabled": false,
                "evaluation_mode": ""
              }
            ],
            "cluster_autoscaling": [
              {
                "auto_provisioning_defaults": [],
                "autoscaling_profile": "BALANCED",
                "enabled": false,
                "resource_limits": []
              }
            ],
            "cluster_ipv4_cidr": "10.32.0.0/14",
            "confidential_nodes": [],
            "cost_management_config": [],
            "database_encryption": [
              {
                "key_name": "",
                "state": "DECRYPTED"
              }
            ],
            "datapath_provider": "",
            "default_max_pods_per_node": 110,
            "default_snat_status": [
              {
                "disabled": false
              }
            ],
            "deletion_protection": true,
            "description": "",
            "dns_config": [],
            "enable_autopilot": false,
            "enable_cilium_clusterwide_network_policy": false,
            "enable_intranode_visibility": false,
            "enable_k8s_beta_apis": [],
            "enable_kubernetes_alpha": false,
            "enable_l4_ilb_subsetting": false,
            "enable_legacy_abac": false,
            "enable_shielded_nodes": true,
            "enable_tpu": false,
            "endpoint": "34.42.97.152",
            "fleet": [],
            "gateway_api_config": [],
            "id": "projects/agea-challenge/locations/us-central1/clusters/agea-gke-cluster-by-terraform",
            "identity_service_config": [],
            "initial_node_count": 1,
            "ip_allocation_policy": [
              {
                "additional_pod_ranges_config": [],
                "cluster_ipv4_cidr_block": "10.32.0.0/14",
                "cluster_secondary_range_name": "gke-agea-gke-cluster-by-terraform-pods-e792c605",
                "pod_cidr_overprovision_config": [
                  {
                    "disabled": false
                  }
                ],
                "services_ipv4_cidr_block": "34.118.224.0/20",
                "services_secondary_range_name": "",
                "stack_type": "IPV4"
              }
            ],
            "label_fingerprint": "a9dc16a7",
            "location": "us-central1",
            "logging_config": [
              {
                "enable_components": [
                  "SYSTEM_COMPONENTS",
                  "WORKLOADS"
                ]
              }
            ],
            "logging_service": "logging.googleapis.com/kubernetes",
            "maintenance_policy": [],
            "master_auth": [
              {
                "client_certificate": "",
                "client_certificate_config": [
                  {
                    "issue_client_certificate": false
                  }
                ],
                "client_key": "",
                "cluster_ca_certificate": "LS0tLS1CRUdJTiBDRVJUSUZJQ0FURS0tLS0tCk1JSUVMRENDQXBTZ0F3SUJBZ0lRWnQyVXRpQmRKM1hlV2Z6UmxyYUlMREFOQmdrcWhraUc5dzBCQVFzRkFEQXYKTVMwd0t3WURWUVFERXlSbE9XTm1abUZtWVMweE1HTmhMVFJqTVdJdFltTTJZeTB3WVdFNFpXRTNNVEkyWldNdwpJQmNOTWpRd056RTVNRFF3TnpNeVdoZ1BNakExTkRBM01USXdOVEEzTXpKYU1DOHhMVEFyQmdOVkJBTVRKR1U1ClkyWm1ZV1poTFRFd1kyRXROR014WWkxaVl6WmpMVEJoWVRobFlUY3hNalpsWXpDQ0FhSXdEUVlKS29aSWh2Y04KQVFFQkJRQURnZ0dQQURDQ0FZb0NnZ0dCQUtYbjN3eUw5bmZ4WGJWaHZsSE5ia2NYbk1uTlFsZGFtNm5hd1dCUwppSDFhT1drNlpaYklRUW9RMUl3c1d2L2phZkJURk9lWHMrUlgxQ0tjbzFQdWFNeEFJeDhEaGk0NWNiRUoxNld2CkZMbkY1TEtqNWQrUHljSGh2cjg2Mkpxa1V0aGhEWFNESlVpeTZKRWQzZmtQUkRlK0t4QU1tWEZMcGNYNGVsMlEKalpaTkRWeFJhalpBQ092WHpQUGlDQ253cm1PcFc0RUJtTUdjb2Y3U2JmbEdnVVhHZG5rUHVsTUorUVJqdWx5dgpacEJ2cjZ3ckV6R1RQL0p2ZkFvY2NHOEVvaFhXRnUzUU4yd2JDVjRrL0xidTVPNmJLNnQ3V3R5cHBCd21OTzRQCmFoMnMyeHBVSUtSSm5Nek9rUU5mMXoxK1JRbC9PZ3NBNU55Kzh4M3l4MVVYeElhaWJrR0swcmRlellaNklGc3QKaVdWMzIzQXdrT1BYaUFjcEhLeFVYOWRFR0lwbTB1WUlUQlRUUllaZUNLWTkvOXNLMTJnVkdJT3MzZlQwL2dtegp1UVlkTGQ1cXZ5UmZFVmZJMkpZeUowLzNBZFBuaDEzZlgvU2tDQ050dTBxMm5EaUJ2ZFI3M1RhSERHNEpJNUFKCmxRQ1ptMDFrc2RoaXJBQ20vRUZ1ZitVRktRSURBUUFCbzBJd1FEQU9CZ05WSFE4QkFmOEVCQU1DQWdRd0R3WUQKVlIwVEFRSC9CQVV3QXdFQi96QWRCZ05WSFE0RUZnUVVpem96R0N1c09nNlhjN2R4REJodC9JNTcxK013RFFZSgpLb1pJaHZjTkFRRUxCUUFEZ2dHQkFHd3E4YlVUUS8xUzVTcm5KMjZUR1AwaGdLaDY2TzV3RlNubmQzc29BN1V2CjJHU3dUZjk5WmwvSE1ucFR2QWdwem1GaTdPMVZ2YUpZS3lDTnA2NjZoRHczbjBaU3A5K25Dd0t2WlhmNHlQTVgKR0M0OVFyYzEvUXc1SW5FeW1LUG5uTXAzWmxVN1RoRlhOcXFFOFZnWmZFaWprZm9PeDkvSkxwZmh4L0t3UG5oagpUSm1ReWEwRzZGN01NS1RiaGhNNVM2S2UrV1d0K1RXL2x5cDlWUk16b1dKekYvNDdoemxSTGRSYk1WaDBvSkZsClFjRjhTRG5aRVlQMk5GV1JObk1aZFFva0lZb21wK2lOYVl1T0orVmk3VzRNQ0E1ZFo3eTB4blN0cnREKzA0c3YKR29vTFRZdVMwNkdYd0Y0UDNjZzJDcURSRjJTSndoVHM2b3ZCRWsxd0ViMnQvOEdjWC9pRWMwVERodzE5RzI4WQpxSTFoSmwvSjA2WW9TK0VnRWkxb2liWlRZcGtIcTlMZW1WSGp4bEF3MmkwU2pVY0JoWEZwUElJTnpaK3FqQityCjB0WVRyYkdtWkFYcnB3ai8zaGROcWFIWWpkbWY0NzdaU3dHZFdyZjUzOWYvSnM1aWg5dyttR0lEK3NmWlhxSHIKSExxMTROckNvdkl4Z2FMVzkzYUw3dz09Ci0tLS0tRU5EIENFUlRJRklDQVRFLS0tLS0K"
              }
            ],
            "master_authorized_networks_config": [],
            "master_version": "1.29.5-gke.1091002",
            "mesh_certificates": [],
            "min_master_version": null,
            "monitoring_config": [
              {
                "advanced_datapath_observability_config": [
                  {
                    "enable_metrics": false,
                    "enable_relay": false,
                    "relay_mode": "DISABLED"
                  }
                ],
                "enable_components": [
                  "SYSTEM_COMPONENTS"
                ],
                "managed_prometheus": [
                  {
                    "enabled": true
                  }
                ]
              }
            ],
            "monitoring_service": "monitoring.googleapis.com/kubernetes",
            "name": "agea-gke-cluster-by-terraform",
            "network": "projects/agea-challenge/global/networks/default",
            "network_policy": [
              {
                "enabled": false,
                "provider": "PROVIDER_UNSPECIFIED"
              }
            ],
            "networking_mode": "VPC_NATIVE",
            "node_config": [],
            "node_locations": [
              "us-central1-a",
              "us-central1-b",
              "us-central1-c"
            ],
            "node_pool": [],
            "node_pool_auto_config": [],
            "node_pool_defaults": [
              {
                "node_config_defaults": [
                  {
                    "containerd_config": [],
                    "logging_variant": "DEFAULT"
                  }
                ]
              }
            ],
            "node_version": "1.29.5-gke.1091002",
            "notification_config": [
              {
                "pubsub": [
                  {
                    "enabled": false,
                    "filter": [],
                    "topic": ""
                  }
                ]
              }
            ],
            "operation": null,
            "private_cluster_config": [
              {
                "enable_private_endpoint": false,
                "enable_private_nodes": false,
                "master_global_access_config": [
                  {
                    "enabled": false
                  }
                ],
                "master_ipv4_cidr_block": "",
                "peering_name": "",
                "private_endpoint": "10.128.0.6",
                "private_endpoint_subnetwork": "",
                "public_endpoint": "34.42.97.152"
              }
            ],
            "private_ipv6_google_access": "",
            "project": "agea-challenge",
            "release_channel": [
              {
                "channel": "REGULAR"
              }
            ],
            "remove_default_node_pool": true,
            "resource_labels": {},
            "resource_usage_export_config": [],
            "security_posture_config": [
              {
                "mode": "BASIC",
                "vulnerability_mode": "VULNERABILITY_MODE_UNSPECIFIED"
              }
            ],
            "self_link": "https://container.googleapis.com/v1/projects/agea-challenge/locations/us-central1/clusters/agea-gke-cluster-by-terraform",
            "service_external_ips_config": [
              {
                "enabled": false
              }
            ],
            "services_ipv4_cidr": "34.118.224.0/20",
            "subnetwork": "projects/agea-challenge/regions/us-central1/subnetworks/default",
            "timeouts": null,
            "tpu_ipv4_cidr_block": "",
            "vertical_pod_autoscaling": [],
            "workload_identity_config": []
          },
          "sensitive_attributes": [
            [
              {
                "type": "get_attr",
                "value": "master_auth"
              },
              {
                "type": "index",
                "value": {
                  "value": 0,
                  "type": "number"
                }
              },
              {
                "type": "get_attr",
                "value": "client_key"
              }
            ]
          ],
          "private": "eyJlMmJmYjczMC1lY2FhLTExZTYtOGY4OC0zNDM2M2JjN2M0YzAiOnsiY3JlYXRlIjoyNDAwMDAwMDAwMDAwLCJkZWxldGUiOjI0MDAwMDAwMDAwMDAsInJlYWQiOjI0MDAwMDAwMDAwMDAsInVwZGF0ZSI6MzYwMDAwMDAwMDAwMH0sInNjaGVtYV92ZXJzaW9uIjoiMiJ9"
        }
      ]
    }
  ],
  "check_results": null
}
