{
  "version": 4,
  "terraform_version": "1.9.2",
  "serial": 2,
  "lineage": "bc13378e-c659-e55d-6a19-7d2fe5ebd7d1",
  "outputs": {},
  "resources": [
    {
      "mode": "managed",
      "type": "google_container_cluster",
      "name": "primary",
      "provider": "provider[\"registry.terraform.io/hashicorp/google\"]",
      "instances": [
        {
          "schema_version": 2,
          "attributes": {
            "addons_config": [
              {
                "cloudrun_config": [],
                "config_connector_config": [],
                "dns_cache_config": [],
                "gce_persistent_disk_csi_driver_config": [
                  {
                    "enabled": true
                  }
                ],
                "gcp_filestore_csi_driver_config": [],
                "gcs_fuse_csi_driver_config": [],
                "gke_backup_agent_config": [],
                "horizontal_pod_autoscaling": [],
                "http_load_balancing": [],
                "network_policy_config": [
                  {
                    "disabled": true
                  }
                ],
                "stateful_ha_config": []
              }
            ],
            "allow_net_admin": null,
            "authenticator_groups_config": [],
            "binary_authorization": [
              {
                "enabled": false,
                "evaluation_mode": ""
              }
            ],
            "cluster_autoscaling": [
              {
                "auto_provisioning_defaults": [],
                "autoscaling_profile": "BALANCED",
                "enabled": false,
                "resource_limits": []
              }
            ],
            "cluster_ipv4_cidr": "10.84.0.0/14",
            "confidential_nodes": [],
            "cost_management_config": [],
            "database_encryption": [
              {
                "key_name": "",
                "state": "DECRYPTED"
              }
            ],
            "datapath_provider": "",
            "default_max_pods_per_node": 110,
            "default_snat_status": [
              {
                "disabled": false
              }
            ],
            "deletion_protection": true,
            "description": "",
            "dns_config": [],
            "enable_autopilot": false,
            "enable_cilium_clusterwide_network_policy": false,
            "enable_intranode_visibility": false,
            "enable_k8s_beta_apis": [],
            "enable_kubernetes_alpha": false,
            "enable_l4_ilb_subsetting": false,
            "enable_legacy_abac": false,
            "enable_shielded_nodes": true,
            "enable_tpu": false,
            "endpoint": "34.132.191.1",
            "fleet": [],
            "gateway_api_config": [],
            "id": "projects/agea-challenge/locations/us-central1/clusters/my-gke-cluster",
            "identity_service_config": [],
            "initial_node_count": 1,
            "ip_allocation_policy": [
              {
                "additional_pod_ranges_config": [],
                "cluster_ipv4_cidr_block": "10.84.0.0/14",
                "cluster_secondary_range_name": "gke-my-gke-cluster-pods-c006a31d",
                "pod_cidr_overprovision_config": [
                  {
                    "disabled": false
                  }
                ],
                "services_ipv4_cidr_block": "34.118.224.0/20",
                "services_secondary_range_name": "",
                "stack_type": "IPV4"
              }
            ],
            "label_fingerprint": "a9dc16a7",
            "location": "us-central1",
            "logging_config": [
              {
                "enable_components": [
                  "SYSTEM_COMPONENTS",
                  "WORKLOADS"
                ]
              }
            ],
            "logging_service": "logging.googleapis.com/kubernetes",
            "maintenance_policy": [],
            "master_auth": [
              {
                "client_certificate": "",
                "client_certificate_config": [
                  {
                    "issue_client_certificate": false
                  }
                ],
                "client_key": "",
                "cluster_ca_certificate": "LS0tLS1CRUdJTiBDRVJUSUZJQ0FURS0tLS0tCk1JSUVMVENDQXBXZ0F3SUJBZ0lSQU9za3lNN1BqYXUrL2thTHl2ZkxFb2t3RFFZSktvWklodmNOQVFFTEJRQXcKTHpFdE1Dc0dBMVVFQXhNa056UmtZVFUxTmprdE5USXlOaTAwWVRBMUxXRTNZVE10WkdOaVl6QTVOamxoTVdKawpNQ0FYRFRJME1EY3hPVEF6TWpNd01Gb1lEekl3TlRRd056RXlNRFF5TXpBd1dqQXZNUzB3S3dZRFZRUURFeVEzCk5HUmhOVFUyT1MwMU1qSTJMVFJoTURVdFlUZGhNeTFrWTJKak1EazJPV0V4WW1Rd2dnR2lNQTBHQ1NxR1NJYjMKRFFFQkFRVUFBNElCandBd2dnR0tBb0lCZ1FDNEVkZVF5cXMvM1gvbUhVVzJZTXNPNUQvVHFkNDU0dnRRSmg5QgpmbXMzQW9Xd2VFVXgzY00wQlNCWHhIV0JSTlZDRmRTYkROdW1kZGpmYzR2S2EyeDJMbmFVQlpDOWNqUVprMTgwCkkybHlCTXhpbCtLdkxVSTJjUEhhYTY1VU1IU3ByeUUzQ2dRMU1yUGNnT2daNmtWcjZuVDZxbE15SkRLTUkzaDgKSkdnTnFYSU9OQjhjeWMyeGw4Q2JoSldBSmtZbitsblRkTGpqaDBhYXNoYlJuK0poQmpRVjVLR2w1TjBwQXpncQpwWXJjdU1maTZOYitzRXVwMTlNOW5hQXg5dGFSeEhhUTJ5dDJGOTA3bjZndGRCV0FCZld0NzFIMFBVVHFlQUVHCjI3cGE2WUNBc1JWYzNmMDlla2lGL1lrVGFlSTZjN3liY3pxRU1RVnk2MVlORzlzY3dySm1mVEtWU3IzS3lsMVYKbnlpNmF0UmJXWDd1aU8rcVVvd09TbmhLTnh0MkQyY0diTnIxRDRJMUh0M3dMZEdZbGJVTHZvNjVkVjA2TTFiTApaMkxCZUpOdDNSWXpnR2FiMUhUY2JkUWprd1FvdkFBWjA5dGpOc3YwczdsSjVwakp6Y3huY0pWQlJxY0x6VytLCitVWU9ra3FwMlJSNFhUbW1uUEVPdERrWmUzY0NBd0VBQWFOQ01FQXdEZ1lEVlIwUEFRSC9CQVFEQWdJRU1BOEcKQTFVZEV3RUIvd1FGTUFNQkFmOHdIUVlEVlIwT0JCWUVGRU5wd0UrUlRSaG1oNkZMbXJQR1p1QmQ0VU9rTUEwRwpDU3FHU0liM0RRRUJDd1VBQTRJQmdRQWF1WDJUVElpd0xEUWU5Y2JXNzNYQzIxRHE0V25HSVJodkNOeGs0SHFYCkxoMjNMTDJrR1dtS1kyR1RQREdkMlJDNzZLekJVdlpuOW1UQzlOaFoxaXRMVXVRejlWaFNLbW53aFFNeStTRXAKNzk0QUtNZkxLKzl3YVVhOEpvNW8rUGNHN25kY2dyVCtaV1E2RXMybjBMMW9NVlIxMDhPTXBySGRmLzJWU3U2ago3dzFOOTVnNEhpNWdsaVJrRTBNekx0WVBBZWV5WW9YT080YnBOcWs4bUZ3Y0RwK0xBZk9HQVhvQXZZZFBXWkpkCjdSbU5TUE9sb1J4d0tpSlYrWlBndE9NVTRpbHI3SUlBbnl6WkNQVkJUNHJCTmR5Z1g4Z3RrMTFlVmkzVkgzTFYKK2E5Mm5vWFN5NDdJWHhvU2V6bGpBTXhRamJYWkpjeVNGZ0xOZUIxUHAxRTNXYWo3R0JjRlNMNEJMcVdpbEE1aQpiZmE1NGZaTUl2ZDcreFNTK1hORUdMbGZqL2N0SUFWbkhtcldBNTY4OVRjMWc2anE1cWlyT0MwakpEd3RvVGZiCnFHUENDbzM3MFJSV00xbW9lTE5LZk5qL3UxSHBHSXRkVlFPWGhSZ0ovL0dKQ1FtMFRNVkcyQmU4cExhdEMvVk4KK25wazJvc0JNSWVWN1h4dDhYVmdVT009Ci0tLS0tRU5EIENFUlRJRklDQVRFLS0tLS0K"
              }
            ],
            "master_authorized_networks_config": [],
            "master_version": "1.29.5-gke.1091002",
            "mesh_certificates": [],
            "min_master_version": null,
            "monitoring_config": [
              {
                "advanced_datapath_observability_config": [
                  {
                    "enable_metrics": false,
                    "enable_relay": false,
                    "relay_mode": "DISABLED"
                  }
                ],
                "enable_components": [
                  "SYSTEM_COMPONENTS"
                ],
                "managed_prometheus": [
                  {
                    "enabled": true
                  }
                ]
              }
            ],
            "monitoring_service": "monitoring.googleapis.com/kubernetes",
            "name": "my-gke-cluster",
            "network": "projects/agea-challenge/global/networks/default",
            "network_policy": [
              {
                "enabled": false,
                "provider": "PROVIDER_UNSPECIFIED"
              }
            ],
            "networking_mode": "VPC_NATIVE",
            "node_config": [],
            "node_locations": [
              "us-central1-a",
              "us-central1-b",
              "us-central1-f"
            ],
            "node_pool": [],
            "node_pool_auto_config": [],
            "node_pool_defaults": [
              {
                "node_config_defaults": [
                  {
                    "containerd_config": [],
                    "logging_variant": "DEFAULT"
                  }
                ]
              }
            ],
            "node_version": "1.29.5-gke.1091002",
            "notification_config": [
              {
                "pubsub": [
                  {
                    "enabled": false,
                    "filter": [],
                    "topic": ""
                  }
                ]
              }
            ],
            "operation": null,
            "private_cluster_config": [
              {
                "enable_private_endpoint": false,
                "enable_private_nodes": false,
                "master_global_access_config": [
                  {
                    "enabled": false
                  }
                ],
                "master_ipv4_cidr_block": "",
                "peering_name": "",
                "private_endpoint": "10.128.0.2",
                "private_endpoint_subnetwork": "",
                "public_endpoint": "34.132.191.1"
              }
            ],
            "private_ipv6_google_access": "",
            "project": "agea-challenge",
            "release_channel": [
              {
                "channel": "REGULAR"
              }
            ],
            "remove_default_node_pool": true,
            "resource_labels": null,
            "resource_usage_export_config": [],
            "security_posture_config": [
              {
                "mode": "BASIC",
                "vulnerability_mode": "VULNERABILITY_MODE_UNSPECIFIED"
              }
            ],
            "self_link": "https://container.googleapis.com/v1/projects/agea-challenge/locations/us-central1/clusters/my-gke-cluster",
            "service_external_ips_config": [
              {
                "enabled": false
              }
            ],
            "services_ipv4_cidr": "34.118.224.0/20",
            "subnetwork": "projects/agea-challenge/regions/us-central1/subnetworks/default",
            "timeouts": null,
            "tpu_ipv4_cidr_block": "",
            "vertical_pod_autoscaling": [],
            "workload_identity_config": []
          },
          "sensitive_attributes": [
            [
              {
                "type": "get_attr",
                "value": "master_auth"
              },
              {
                "type": "index",
                "value": {
                  "value": 0,
                  "type": "number"
                }
              },
              {
                "type": "get_attr",
                "value": "client_key"
              }
            ]
          ],
          "private": "eyJlMmJmYjczMC1lY2FhLTExZTYtOGY4OC0zNDM2M2JjN2M0YzAiOnsiY3JlYXRlIjoyNDAwMDAwMDAwMDAwLCJkZWxldGUiOjI0MDAwMDAwMDAwMDAsInJlYWQiOjI0MDAwMDAwMDAwMDAsInVwZGF0ZSI6MzYwMDAwMDAwMDAwMH0sInNjaGVtYV92ZXJzaW9uIjoiMiJ9"
        }
      ]
    }
  ],
  "check_results": null
}
