{
  "version": 4,
  "terraform_version": "1.9.2",
  "serial": 6,
  "lineage": "9651039b-5d41-992a-b03b-898818f4b833",
  "outputs": {
    "kubernetes_cluster_host": {
      "value": "34.133.246.83",
      "type": "string"
    },
    "kubernetes_cluster_name": {
      "value": "agea-gke-cluster-by-terraform",
      "type": "string"
    },
    "project_id": {
      "value": "agea-challenge",
      "type": "string"
    },
    "region": {
      "value": "us-central1",
      "type": "string"
    }
  },
  "resources": [
    {
      "mode": "managed",
      "type": "google_container_cluster",
      "name": "primary",
      "provider": "provider[\"registry.terraform.io/hashicorp/google\"]",
      "instances": [
        {
          "schema_version": 2,
          "attributes": {
            "addons_config": [
              {
                "cloudrun_config": [],
                "config_connector_config": [],
                "dns_cache_config": [],
                "gce_persistent_disk_csi_driver_config": [
                  {
                    "enabled": true
                  }
                ],
                "gcp_filestore_csi_driver_config": [],
                "gcs_fuse_csi_driver_config": [],
                "gke_backup_agent_config": [],
                "horizontal_pod_autoscaling": [
                  {
                    "disabled": false
                  }
                ],
                "http_load_balancing": [
                  {
                    "disabled": true
                  }
                ],
                "network_policy_config": [
                  {
                    "disabled": true
                  }
                ],
                "stateful_ha_config": []
              }
            ],
            "allow_net_admin": null,
            "authenticator_groups_config": [],
            "binary_authorization": [
              {
                "enabled": false,
                "evaluation_mode": ""
              }
            ],
            "cluster_autoscaling": [
              {
                "auto_provisioning_defaults": [],
                "autoscaling_profile": "BALANCED",
                "enabled": false,
                "resource_limits": []
              }
            ],
            "cluster_ipv4_cidr": "10.4.0.0/14",
            "confidential_nodes": [],
            "cost_management_config": [],
            "database_encryption": [
              {
                "key_name": "",
                "state": "DECRYPTED"
              }
            ],
            "datapath_provider": "",
            "default_max_pods_per_node": 110,
            "default_snat_status": [
              {
                "disabled": false
              }
            ],
            "deletion_protection": false,
            "description": "",
            "dns_config": [],
            "enable_autopilot": false,
            "enable_cilium_clusterwide_network_policy": false,
            "enable_intranode_visibility": false,
            "enable_k8s_beta_apis": [],
            "enable_kubernetes_alpha": false,
            "enable_l4_ilb_subsetting": false,
            "enable_legacy_abac": false,
            "enable_shielded_nodes": true,
            "enable_tpu": false,
            "endpoint": "34.133.246.83",
            "fleet": [],
            "gateway_api_config": [],
            "id": "projects/agea-challenge/locations/us-central1/clusters/agea-gke-cluster-by-terraform",
            "identity_service_config": [],
            "initial_node_count": 1,
            "ip_allocation_policy": [
              {
                "additional_pod_ranges_config": [],
                "cluster_ipv4_cidr_block": "10.4.0.0/14",
                "cluster_secondary_range_name": "gke-agea-gke-cluster-by-terraform-pods-b6fcb177",
                "pod_cidr_overprovision_config": [
                  {
                    "disabled": false
                  }
                ],
                "services_ipv4_cidr_block": "34.118.224.0/20",
                "services_secondary_range_name": "",
                "stack_type": "IPV4"
              }
            ],
            "label_fingerprint": "a9dc16a7",
            "location": "us-central1",
            "logging_config": [
              {
                "enable_components": [
                  "SYSTEM_COMPONENTS",
                  "WORKLOADS"
                ]
              }
            ],
            "logging_service": "logging.googleapis.com/kubernetes",
            "maintenance_policy": [],
            "master_auth": [
              {
                "client_certificate": "",
                "client_certificate_config": [
                  {
                    "issue_client_certificate": false
                  }
                ],
                "client_key": "",
                "cluster_ca_certificate": "LS0tLS1CRUdJTiBDRVJUSUZJQ0FURS0tLS0tCk1JSUVLekNDQXBPZ0F3SUJBZ0lQYVFnTHgzWUk1OC9LU2hXQjdKcmZNQTBHQ1NxR1NJYjNEUUVCQ3dVQU1DOHgKTFRBckJnTlZCQU1USkdNMU5tUXpaak5pTFdReU9UQXRORFkyTmkxaE9UTmtMVEkyWmpreFlqTXhPRFJoTnpBZwpGdzB5TkRBM01Ua3hNVFE0TVRGYUdBOHlNRFUwTURjeE1qRXlORGd4TVZvd0x6RXRNQ3NHQTFVRUF4TWtZelUyClpETm1NMkl0WkRJNU1DMDBOalkyTFdFNU0yUXRNalptT1RGaU16RTROR0UzTUlJQm9qQU5CZ2txaGtpRzl3MEIKQVFFRkFBT0NBWThBTUlJQmlnS0NBWUVBdDRsRmgvVDcwZWhGbEVyL1ZieVZOQ01JcEhyWWswL1dsdVVSTUIzLworN1QxOFNhdjE5VnFLam9vdENvVWRpbVh3b1RjYmZBNW5rMWtlUy9yY0ZZcXM5ckkycTBZQWZxMnN1NlVmZGNwCmNOUzMvV1hOWkI0MFQ2Qzkyb0FJNEhzWitQeld6VTA3MldKdzVyNll4c2pVYis2ZlgzWStGUWI1ZHF5aHRlU1cKUGRvZUpqTzBWN2RFaitRR2ZwWFRiLy93aXZUZStVUmdvVTJuSmNOSUIrOU9ZV3dQWjZzc253QmVWd1FRYXFNYwpjbmtjbnBEbHhheHA4TGtlaTFLdVZxUEluTlYrR2hjckRoK0lidk9URldGNG0rT2I4eEhSN1o2R1ZPUmpneG9FCkdjTGgxeExMNDhtdm4ycnRndTRCTnJSVWtiVFRRWENkdGVESFJpQlhzVmR1Rk1HU0x1Z1FRUEdBOEtyZG1RWloKdXhVSlBtSGJoaGd1SjdEVVd2bFRCZUlMbDQ2cGkyZTBXTC8wVnNYZFMreWJoejA0UXpFZG4wSHQzRkkyRE9YRgpWQWhGQVhaRGVlU2IvZ0ZHQnZLNWRiMUNZK3BpSkI0QWJuN2tqQmJkQzFHM0hiM3VmOTFWbkoyUXgxSlNDU2RKCkpKNzU1dXViMGN6VzdTZHNjYWhXQWJzWkFnTUJBQUdqUWpCQU1BNEdBMVVkRHdFQi93UUVBd0lDQkRBUEJnTlYKSFJNQkFmOEVCVEFEQVFIL01CMEdBMVVkRGdRV0JCUytydjczdmdGZUdzcURGQXJiOHhocE9jNFZJVEFOQmdrcQpoa2lHOXcwQkFRc0ZBQU9DQVlFQUlUQzdFd0g1czVjM2R1VnlLYzFjTUlrUGdzaEFDZG1FalB5ZGl0WFl0aW93CnhqMFNVNTVQb0U3L3Vqdit0ODZjM2kvQ1dFS3RFUy9kaFYzOW5KVHJPRHYrSzNjRTg2N1ZJckN1MUFRRFgwVmIKMWprMmZIL0tjZzlwMUorS3pFRVV4UWJCcmdrM1dmZXBxYjZHQnFXUDZ4UFNJSDN1MzNnZVZYdjlPV0k2OTFuSQpTWUtVdGtiYzFHT0pFeG9qQi95eXNxWU15djVaSGZkRmFEUHhSSXB3aVhKTnVLbXFLeE1ITEF3aGF6TFdVaG5wCjh1ZkMwb0s1LzNOZldMRkZmWVBHcjBjSEEwNnlWa3lvRjJrc3hxYlVJUzFWOW5IN3U4REJNNVFIVDdrQkYzQnYKaG9QSVhzRGtVZWt2eWhFODd5RHM5TC9UaWFVa0o0QW9PNTFTL2FUNmZyaWcvZkNUL1ZaOTJuUUIvblZwdFk5MwpCeW5oTjA2STVzTHM5NmtlcURKMDZhNHJMY0syVGJPSG5DL1U2QUE4RHdLdEJ6Nm5jYW1FUXRRUU4wU3hrQlJhCjNhK0NYWWFEbHlnNVhJQVBzVFhkQnR3d3dpR2FETlVRVVRGM0tjS3R0UnhReGRBbzZCYTBnY2EyZDVnZnJxMm8KenNTbFlGZzA4TkREeHVhUVRhQXYKLS0tLS1FTkQgQ0VSVElGSUNBVEUtLS0tLQo="
              }
            ],
            "master_authorized_networks_config": [],
            "master_version": "1.29.5-gke.1091002",
            "mesh_certificates": [],
            "min_master_version": null,
            "monitoring_config": [
              {
                "advanced_datapath_observability_config": [
                  {
                    "enable_metrics": false,
                    "enable_relay": false,
                    "relay_mode": "DISABLED"
                  }
                ],
                "enable_components": [
                  "SYSTEM_COMPONENTS"
                ],
                "managed_prometheus": [
                  {
                    "enabled": true
                  }
                ]
              }
            ],
            "monitoring_service": "monitoring.googleapis.com/kubernetes",
            "name": "agea-gke-cluster-by-terraform",
            "network": "projects/agea-challenge/global/networks/default",
            "network_policy": [
              {
                "enabled": false,
                "provider": "PROVIDER_UNSPECIFIED"
              }
            ],
            "networking_mode": "VPC_NATIVE",
            "node_config": [],
            "node_locations": [
              "us-central1-a",
              "us-central1-b",
              "us-central1-f"
            ],
            "node_pool": [],
            "node_pool_auto_config": [],
            "node_pool_defaults": [
              {
                "node_config_defaults": [
                  {
                    "containerd_config": [],
                    "logging_variant": "DEFAULT"
                  }
                ]
              }
            ],
            "node_version": "1.29.5-gke.1091002",
            "notification_config": [
              {
                "pubsub": [
                  {
                    "enabled": false,
                    "filter": [],
                    "topic": ""
                  }
                ]
              }
            ],
            "operation": null,
            "private_cluster_config": [
              {
                "enable_private_endpoint": false,
                "enable_private_nodes": false,
                "master_global_access_config": [
                  {
                    "enabled": false
                  }
                ],
                "master_ipv4_cidr_block": "",
                "peering_name": "",
                "private_endpoint": "10.128.0.10",
                "private_endpoint_subnetwork": "",
                "public_endpoint": "34.133.246.83"
              }
            ],
            "private_ipv6_google_access": "",
            "project": "agea-challenge",
            "release_channel": [
              {
                "channel": "REGULAR"
              }
            ],
            "remove_default_node_pool": true,
            "resource_labels": null,
            "resource_usage_export_config": [],
            "security_posture_config": [
              {
                "mode": "BASIC",
                "vulnerability_mode": "VULNERABILITY_MODE_UNSPECIFIED"
              }
            ],
            "self_link": "https://container.googleapis.com/v1/projects/agea-challenge/locations/us-central1/clusters/agea-gke-cluster-by-terraform",
            "service_external_ips_config": [
              {
                "enabled": false
              }
            ],
            "services_ipv4_cidr": "34.118.224.0/20",
            "subnetwork": "projects/agea-challenge/regions/us-central1/subnetworks/default",
            "timeouts": null,
            "tpu_ipv4_cidr_block": "",
            "vertical_pod_autoscaling": [],
            "workload_identity_config": []
          },
          "sensitive_attributes": [
            [
              {
                "type": "get_attr",
                "value": "master_auth"
              },
              {
                "type": "index",
                "value": {
                  "value": 0,
                  "type": "number"
                }
              },
              {
                "type": "get_attr",
                "value": "client_key"
              }
            ]
          ],
          "private": "eyJlMmJmYjczMC1lY2FhLTExZTYtOGY4OC0zNDM2M2JjN2M0YzAiOnsiY3JlYXRlIjoyNDAwMDAwMDAwMDAwLCJkZWxldGUiOjI0MDAwMDAwMDAwMDAsInJlYWQiOjI0MDAwMDAwMDAwMDAsInVwZGF0ZSI6MzYwMDAwMDAwMDAwMH0sInNjaGVtYV92ZXJzaW9uIjoiMiJ9"
        }
      ]
    }
  ],
  "check_results": null
}
